
Microsoft Visual Studio Solution File, Format Version 12.00
# Visual Studio Version 17
VisualStudioVersion = 17.3.32811.315
MinimumVisualStudioVersion = 10.0.40219.1
Project("{FAE04EC0-301F-11D3-BF4B-00C04F79EFBC}") = "SpaceNews-MinimalAPI", "SpaceNews-MinimalAPI\SpaceNews-MinimalAPI.csproj", "{CA182D80-D0B1-431F-8788-F42438AE463F}"
EndProject
Global
	GlobalSection(SolutionConfigurationPlatforms) = preSolution
		Debug|Any CPU = Debug|Any CPU
		Release|Any CPU = Release|Any CPU
	EndGlobalSection
	GlobalSection(ProjectConfigurationPlatforms) = postSolution
		{CA182D80-D0B1-431F-8788-F42438AE463F}.Debug|Any CPU.ActiveCfg = Debug|Any CPU
		{CA182D80-D0B1-431F-8788-F42438AE463F}.Debug|Any CPU.Build.0 = Debug|Any CPU
		{CA182D80-D0B1-431F-8788-F42438AE463F}.Release|Any CPU.ActiveCfg = Release|Any CPU
		{CA182D80-D0B1-431F-8788-F42438AE463F}.Release|Any CPU.Build.0 = Release|Any CPU
	EndGlobalSection
	GlobalSection(SolutionProperties) = preSolution
		HideSolutionNode = FALSE
	EndGlobalSection
	GlobalSection(ExtensibilityGlobals) = postSolution
		SolutionGuid = {04A2A014-7DF6-42B2-B5E7-9959D7305C2D}
	EndGlobalSection
EndGlobal
